
Microsoft Visual Studio Solution File, Format Version 12.00
# Visual Studio 15
VisualStudioVersion = 15.0.27130.2024
MinimumVisualStudioVersion = 10.0.40219.1
Project("{FAE04EC0-301F-11D3-BF4B-00C04F79EFBC}") = "BlackJackService", "BlackJackService\BlackJackService.csproj", "{0DBF8AEF-239E-4B46-967D-5BA91F8409D5}"
EndProject
Global
	GlobalSection(SolutionConfigurationPlatforms) = preSolution
		Debug|Any CPU = Debug|Any CPU
		Release|Any CPU = Release|Any CPU
	EndGlobalSection
	GlobalSection(ProjectConfigurationPlatforms) = postSolution
		{0DBF8AEF-239E-4B46-967D-5BA91F8409D5}.Debug|Any CPU.ActiveCfg = Debug|Any CPU
		{0DBF8AEF-239E-4B46-967D-5BA91F8409D5}.Debug|Any CPU.Build.0 = Debug|Any CPU
		{0DBF8AEF-239E-4B46-967D-5BA91F8409D5}.Release|Any CPU.ActiveCfg = Release|Any CPU
		{0DBF8AEF-239E-4B46-967D-5BA91F8409D5}.Release|Any CPU.Build.0 = Release|Any CPU
	EndGlobalSection
	GlobalSection(SolutionProperties) = preSolution
		HideSolutionNode = FALSE
	EndGlobalSection
	GlobalSection(ExtensibilityGlobals) = postSolution
		SolutionGuid = {536807F1-7D3A-4F96-B8A2-62D6424B5E5E}
	EndGlobalSection
EndGlobal
